
Microsoft Visual Studio Solution File, Format Version 12.00
# Visual Studio 2012
Project("{FAE04EC0-301F-11D3-BF4B-00C04F79EFBC}") = "LoGHTools", "LoGHTools\LoGHTools.csproj", "{355AE6A8-BF82-433B-90F9-34B7AAF1E740}"
EndProject
Project("{FAE04EC0-301F-11D3-BF4B-00C04F79EFBC}") = "LoghRepacker", "LoghRepacker\LoghRepacker.csproj", "{FB9E792D-C73B-405F-9CCD-DF031E2602CF}"
EndProject
Project("{FAE04EC0-301F-11D3-BF4B-00C04F79EFBC}") = "ArcParser", "ArcParser\ArcParser.csproj", "{811E9300-928F-45D8-958D-7FAA55369C8E}"
EndProject
Global
	GlobalSection(SolutionConfigurationPlatforms) = preSolution
		Debug|Any CPU = Debug|Any CPU
		Release|Any CPU = Release|Any CPU
	EndGlobalSection
	GlobalSection(ProjectConfigurationPlatforms) = postSolution
		{355AE6A8-BF82-433B-90F9-34B7AAF1E740}.Debug|Any CPU.ActiveCfg = Debug|Any CPU
		{355AE6A8-BF82-433B-90F9-34B7AAF1E740}.Release|Any CPU.ActiveCfg = Release|Any CPU
		{355AE6A8-BF82-433B-90F9-34B7AAF1E740}.Release|Any CPU.Build.0 = Release|Any CPU
		{FB9E792D-C73B-405F-9CCD-DF031E2602CF}.Debug|Any CPU.ActiveCfg = Debug|Any CPU
		{FB9E792D-C73B-405F-9CCD-DF031E2602CF}.Debug|Any CPU.Build.0 = Debug|Any CPU
		{FB9E792D-C73B-405F-9CCD-DF031E2602CF}.Release|Any CPU.ActiveCfg = Release|Any CPU
		{FB9E792D-C73B-405F-9CCD-DF031E2602CF}.Release|Any CPU.Build.0 = Release|Any CPU
		{811E9300-928F-45D8-958D-7FAA55369C8E}.Debug|Any CPU.ActiveCfg = Debug|Any CPU
		{811E9300-928F-45D8-958D-7FAA55369C8E}.Debug|Any CPU.Build.0 = Debug|Any CPU
		{811E9300-928F-45D8-958D-7FAA55369C8E}.Release|Any CPU.ActiveCfg = Release|Any CPU
		{811E9300-928F-45D8-958D-7FAA55369C8E}.Release|Any CPU.Build.0 = Release|Any CPU
	EndGlobalSection
	GlobalSection(SolutionProperties) = preSolution
		HideSolutionNode = FALSE
	EndGlobalSection
	GlobalSection(ExtensibilityGlobals) = postSolution
		SolutionGuid = {0674E4B9-A80D-4A7F-A2D0-71A4FE3093F8}
	EndGlobalSection
EndGlobal
